
Microsoft Visual Studio Solution File, Format Version 12.00
# Visual Studio 15
VisualStudioVersion = 15.0.26730.16
MinimumVisualStudioVersion = 10.0.40219.1
Project("{9A19103F-16F7-4668-BE54-9A1E7A4F7556}") = "IdentityServer", "IdentityServer\IdentityServer.csproj", "{DE2EDD8E-83D4-4887-8648-BF89B77BC90E}"
EndProject
Project("{9A19103F-16F7-4668-BE54-9A1E7A4F7556}") = "UserManagement.Web", "UserManagement.Web\UserManagement.Web.csproj", "{87A7E2B0-767A-471D-9D09-D7C12E95A327}"
EndProject
Project("{9A19103F-16F7-4668-BE54-9A1E7A4F7556}") = "MvcClient", "MvcClient\MvcClient.csproj", "{BB5D4141-DDAE-4793-A819-483B9DD7081E}"
EndProject
Project("{FAE04EC0-301F-11D3-BF4B-00C04F79EFBC}") = "UserManagement.API", "UserManagement.API\UserManagement.API.csproj", "{7F238266-C2D6-4735-85B4-17125AF84C2A}"
EndProject
Project("{9A19103F-16F7-4668-BE54-9A1E7A4F7556}") = "UserManagement.Notification", "UserManagement.Notification\UserManagement.Notification.csproj", "{8EDE58EF-147D-42C1-B78C-ADCD8E0791D1}"
EndProject
Project("{FAE04EC0-301F-11D3-BF4B-00C04F79EFBC}") = "UserManagement.Common", "UserManagement.Common\UserManagement.Common.csproj", "{844ECA89-50DC-4B91-A1AD-0DD91A105F9F}"
EndProject
Global
	GlobalSection(SolutionConfigurationPlatforms) = preSolution
		Debug|Any CPU = Debug|Any CPU
		Release|Any CPU = Release|Any CPU
	EndGlobalSection
	GlobalSection(ProjectConfigurationPlatforms) = postSolution
		{DE2EDD8E-83D4-4887-8648-BF89B77BC90E}.Debug|Any CPU.ActiveCfg = Debug|Any CPU
		{DE2EDD8E-83D4-4887-8648-BF89B77BC90E}.Debug|Any CPU.Build.0 = Debug|Any CPU
		{DE2EDD8E-83D4-4887-8648-BF89B77BC90E}.Release|Any CPU.ActiveCfg = Release|Any CPU
		{DE2EDD8E-83D4-4887-8648-BF89B77BC90E}.Release|Any CPU.Build.0 = Release|Any CPU
		{87A7E2B0-767A-471D-9D09-D7C12E95A327}.Debug|Any CPU.ActiveCfg = Debug|Any CPU
		{87A7E2B0-767A-471D-9D09-D7C12E95A327}.Debug|Any CPU.Build.0 = Debug|Any CPU
		{87A7E2B0-767A-471D-9D09-D7C12E95A327}.Release|Any CPU.ActiveCfg = Release|Any CPU
		{87A7E2B0-767A-471D-9D09-D7C12E95A327}.Release|Any CPU.Build.0 = Release|Any CPU
		{BB5D4141-DDAE-4793-A819-483B9DD7081E}.Debug|Any CPU.ActiveCfg = Debug|Any CPU
		{BB5D4141-DDAE-4793-A819-483B9DD7081E}.Debug|Any CPU.Build.0 = Debug|Any CPU
		{BB5D4141-DDAE-4793-A819-483B9DD7081E}.Release|Any CPU.ActiveCfg = Release|Any CPU
		{BB5D4141-DDAE-4793-A819-483B9DD7081E}.Release|Any CPU.Build.0 = Release|Any CPU
		{7F238266-C2D6-4735-85B4-17125AF84C2A}.Debug|Any CPU.ActiveCfg = Debug|Any CPU
		{7F238266-C2D6-4735-85B4-17125AF84C2A}.Debug|Any CPU.Build.0 = Debug|Any CPU
		{7F238266-C2D6-4735-85B4-17125AF84C2A}.Release|Any CPU.ActiveCfg = Release|Any CPU
		{7F238266-C2D6-4735-85B4-17125AF84C2A}.Release|Any CPU.Build.0 = Release|Any CPU
		{8EDE58EF-147D-42C1-B78C-ADCD8E0791D1}.Debug|Any CPU.ActiveCfg = Debug|Any CPU
		{8EDE58EF-147D-42C1-B78C-ADCD8E0791D1}.Debug|Any CPU.Build.0 = Debug|Any CPU
		{8EDE58EF-147D-42C1-B78C-ADCD8E0791D1}.Release|Any CPU.ActiveCfg = Release|Any CPU
		{8EDE58EF-147D-42C1-B78C-ADCD8E0791D1}.Release|Any CPU.Build.0 = Release|Any CPU
		{844ECA89-50DC-4B91-A1AD-0DD91A105F9F}.Debug|Any CPU.ActiveCfg = Debug|Any CPU
		{844ECA89-50DC-4B91-A1AD-0DD91A105F9F}.Debug|Any CPU.Build.0 = Debug|Any CPU
		{844ECA89-50DC-4B91-A1AD-0DD91A105F9F}.Release|Any CPU.ActiveCfg = Release|Any CPU
		{844ECA89-50DC-4B91-A1AD-0DD91A105F9F}.Release|Any CPU.Build.0 = Release|Any CPU
	EndGlobalSection
	GlobalSection(SolutionProperties) = preSolution
		HideSolutionNode = FALSE
	EndGlobalSection
	GlobalSection(ExtensibilityGlobals) = postSolution
		SolutionGuid = {DA180829-4EA8-4C3B-BCF1-0379C9588BE6}
	EndGlobalSection
EndGlobal
